
Microsoft Visual Studio Solution File, Format Version 12.00
# Visual Studio Version 17
VisualStudioVersion = 17.1.32407.343
MinimumVisualStudioVersion = 10.0.40219.1
Project("{FAE04EC0-301F-11D3-BF4B-00C04F79EFBC}") = "jh-twitter-stats-api", "jh-twitter-stats-api.csproj", "{C93C360F-0E0E-44F2-B016-C05F6A7D030F}"
EndProject
Project("{FAE04EC0-301F-11D3-BF4B-00C04F79EFBC}") = "jh-twitter-stats-api-tests", "..\jh-twitter-stats-api-tests\jh-twitter-stats-api-tests.csproj", "{B0433796-7929-4E4E-9BED-CD409DCC580C}"
EndProject
Global
	GlobalSection(SolutionConfigurationPlatforms) = preSolution
		Debug|Any CPU = Debug|Any CPU
		Release|Any CPU = Release|Any CPU
	EndGlobalSection
	GlobalSection(ProjectConfigurationPlatforms) = postSolution
		{C93C360F-0E0E-44F2-B016-C05F6A7D030F}.Debug|Any CPU.ActiveCfg = Debug|Any CPU
		{C93C360F-0E0E-44F2-B016-C05F6A7D030F}.Debug|Any CPU.Build.0 = Debug|Any CPU
		{C93C360F-0E0E-44F2-B016-C05F6A7D030F}.Release|Any CPU.ActiveCfg = Release|Any CPU
		{C93C360F-0E0E-44F2-B016-C05F6A7D030F}.Release|Any CPU.Build.0 = Release|Any CPU
		{B0433796-7929-4E4E-9BED-CD409DCC580C}.Debug|Any CPU.ActiveCfg = Debug|Any CPU
		{B0433796-7929-4E4E-9BED-CD409DCC580C}.Debug|Any CPU.Build.0 = Debug|Any CPU
		{B0433796-7929-4E4E-9BED-CD409DCC580C}.Release|Any CPU.ActiveCfg = Release|Any CPU
		{B0433796-7929-4E4E-9BED-CD409DCC580C}.Release|Any CPU.Build.0 = Release|Any CPU
	EndGlobalSection
	GlobalSection(SolutionProperties) = preSolution
		HideSolutionNode = FALSE
	EndGlobalSection
	GlobalSection(ExtensibilityGlobals) = postSolution
		SolutionGuid = {238E9628-5100-47D8-9895-7E926B5DFD00}
	EndGlobalSection
EndGlobal
